
Microsoft Visual Studio Solution File, Format Version 12.00
# Visual Studio Version 17
VisualStudioVersion = 17.13.35931.197 d17.13
MinimumVisualStudioVersion = 10.0.40219.1
Project("{FAE04EC0-301F-11D3-BF4B-00C04F79EFBC}") = "ApiRestaurant", "ApiRestaurant\ApiRestaurant.csproj", "{4DD6B1C6-9EE6-4E9F-B3C6-99DE38971F53}"
EndProject
Global
	GlobalSection(SolutionConfigurationPlatforms) = preSolution
		Debug|Any CPU = Debug|Any CPU
		Release|Any CPU = Release|Any CPU
	EndGlobalSection
	GlobalSection(ProjectConfigurationPlatforms) = postSolution
		{4DD6B1C6-9EE6-4E9F-B3C6-99DE38971F53}.Debug|Any CPU.ActiveCfg = Debug|Any CPU
		{4DD6B1C6-9EE6-4E9F-B3C6-99DE38971F53}.Debug|Any CPU.Build.0 = Debug|Any CPU
		{4DD6B1C6-9EE6-4E9F-B3C6-99DE38971F53}.Release|Any CPU.ActiveCfg = Release|Any CPU
		{4DD6B1C6-9EE6-4E9F-B3C6-99DE38971F53}.Release|Any CPU.Build.0 = Release|Any CPU
	EndGlobalSection
	GlobalSection(SolutionProperties) = preSolution
		HideSolutionNode = FALSE
	EndGlobalSection
	GlobalSection(ExtensibilityGlobals) = postSolution
		SolutionGuid = {6BB15D80-81B9-4BFF-8204-9EAD28EBDF19}
	EndGlobalSection
EndGlobal
